// !$*UTF8*$!
{
	archiveVersion = 1;
	classes = {
	};
	objectVersion = 50;
	objects = {

/* Begin PBXBuildFile section */
		027D8C46219420B800C46E58 /* AppDelegate.m in Sources */ = {isa = PBXBuildFile; fileRef = 027D8C45219420B800C46E58 /* AppDelegate.m */; };
		027D8C49219420B800C46E58 /* ViewController.m in Sources */ = {isa = PBXBuildFile; fileRef = 027D8C48219420B800C46E58 /* ViewController.m */; };
		027D8C4C219420B800C46E58 /* Main.storyboard in Resources */ = {isa = PBXBuildFile; fileRef = 027D8C4A219420B800C46E58 /* Main.storyboard */; };
		027D8C4E219420BA00C46E58 /* Assets.xcassets in Resources */ = {isa = PBXBuildFile; fileRef = 027D8C4D219420BA00C46E58 /* Assets.xcassets */; };
		027D8C51219420BA00C46E58 /* LaunchScreen.storyboard in Resources */ = {isa = PBXBuildFile; fileRef = 027D8C4F219420BA00C46E58 /* LaunchScreen.storyboard */; };
		027D8C54219420BA00C46E58 /* main.m in Sources */ = {isa = PBXBuildFile; fileRef = 027D8C53219420BA00C46E58 /* main.m */; };
		027D8C5E219420BA00C46E58 /* RuntimeDemoTests.m in Sources */ = {isa = PBXBuildFile; fileRef = 027D8C5D219420BA00C46E58 /* RuntimeDemoTests.m */; };
		027D8C69219420BA00C46E58 /* RuntimeDemoUITests.m in Sources */ = {isa = PBXBuildFile; fileRef = 027D8C68219420BA00C46E58 /* RuntimeDemoUITests.m */; };
/* End PBXBuildFile section */

/* Begin PBXContainerItemProxy section */
		027D8C5A219420BA00C46E58 /* PBXContainerItemProxy */ = {
			isa = PBXContainerItemProxy;
			containerPortal = 027D8C39219420B800C46E58 /* Project object */;
			proxyType = 1;
			remoteGlobalIDString = 027D8C40219420B800C46E58;
			remoteInfo = RuntimeDemo;
		};
		027D8C65219420BA00C46E58 /* PBXContainerItemProxy */ = {
			isa = PBXContainerItemProxy;
			containerPortal = 027D8C39219420B800C46E58 /* Project object */;
			proxyType = 1;
			remoteGlobalIDString = 027D8C40219420B800C46E58;
			remoteInfo = RuntimeDemo;
		};
/* End PBXContainerItemProxy section */

/* Begin PBXFileReference section */
		027D8C41219420B800C46E58 /* RuntimeDemo.app */ = {isa = PBXFileReference; explicitFileType = wrapper.application; includeInIndex = 0; path = RuntimeDemo.app; sourceTree = BUILT_PRODUCTS_DIR; };
		027D8C44219420B800C46E58 /* AppDelegate.h */ = {isa = PBXFileReference; lastKnownFileType = sourcecode.c.h; path = AppDelegate.h; sourceTree = "<group>"; };
		027D8C45219420B800C46E58 /* AppDelegate.m */ = {isa = PBXFileReference; lastKnownFileType = sourcecode.c.objc; path = AppDelegate.m; sourceTree = "<group>"; };
		027D8C47219420B800C46E58 /* ViewController.h */ = {isa = PBXFileReference; lastKnownFileType = sourcecode.c.h; path = ViewController.h; sourceTree = "<group>"; };
		027D8C48219420B800C46E58 /* ViewController.m */ = {isa = PBXFileReference; lastKnownFileType = sourcecode.c.objc; path = ViewController.m; sourceTree = "<group>"; };
		027D8C4B219420B800C46E58 /* Base */ = {isa = PBXFileReference; lastKnownFileType = file.storyboard; name = Base; path = Base.lproj/Main.storyboard; sourceTree = "<group>"; };
		027D8C4D219420BA00C46E58 /* Assets.xcassets */ = {isa = PBXFileReference; lastKnownFileType = folder.assetcatalog; path = Assets.xcassets; sourceTree = "<group>"; };
		027D8C50219420BA00C46E58 /* Base */ = {isa = PBXFileReference; lastKnownFileType = file.storyboard; name = Base; path = Base.lproj/LaunchScreen.storyboard; sourceTree = "<group>"; };
		027D8C52219420BA00C46E58 /* Info.plist */ = {isa = PBXFileReference; lastKnownFileType = text.plist.xml; path = Info.plist; sourceTree = "<group>"; };
		027D8C53219420BA00C46E58 /* main.m */ = {isa = PBXFileReference; lastKnownFileType = sourcecode.c.objc; path = main.m; sourceTree = "<group>"; };
		027D8C59219420BA00C46E58 /* RuntimeDemoTests.xctest */ = {isa = PBXFileReference; explicitFileType = wrapper.cfbundle; includeInIndex = 0; path = RuntimeDemoTests.xctest; sourceTree = BUILT_PRODUCTS_DIR; };
		027D8C5D219420BA00C46E58 /* RuntimeDemoTests.m */ = {isa = PBXFileReference; lastKnownFileType = sourcecode.c.objc; path = RuntimeDemoTests.m; sourceTree = "<group>"; };
		027D8C5F219420BA00C46E58 /* Info.plist */ = {isa = PBXFileReference; lastKnownFileType = text.plist.xml; path = Info.plist; sourceTree = "<group>"; };
		027D8C64219420BA00C46E58 /* RuntimeDemoUITests.xctest */ = {isa = PBXFileReference; explicitFileType = wrapper.cfbundle; includeInIndex = 0; path = RuntimeDemoUITests.xctest; sourceTree = BUILT_PRODUCTS_DIR; };
		027D8C68219420BA00C46E58 /* RuntimeDemoUITests.m */ = {isa = PBXFileReference; lastKnownFileType = sourcecode.c.objc; path = RuntimeDemoUITests.m; sourceTree = "<group>"; };
		027D8C6A219420BA00C46E58 /* Info.plist */ = {isa = PBXFileReference; lastKnownFileType = text.plist.xml; path = Info.plist; sourceTree = "<group>"; };
/* End PBXFileReference section */

/* Begin PBXFrameworksBuildPhase section */
		027D8C3E219420B800C46E58 /* Frameworks */ = {
			isa = PBXFrameworksBuildPhase;
			buildActionMask = 2147483647;
			files = (
			);
			runOnlyForDeploymentPostprocessing = 0;
		};
		027D8C56219420BA00C46E58 /* Frameworks */ = {
			isa = PBXFrameworksBuildPhase;
			buildActionMask = 2147483647;
			files = (
			);
			runOnlyForDeploymentPostprocessing = 0;
		};
		027D8C61219420BA00C46E58 /* Frameworks */ = {
			isa = PBXFrameworksBuildPhase;
			buildActionMask = 2147483647;
			files = (
			);
			runOnlyForDeploymentPostprocessing = 0;
		};
/* End PBXFrameworksBuildPhase section */

/* Begin PBXGroup section */
		027D8C38219420B800C46E58 = {
			isa = PBXGroup;
			children = (
				027D8C43219420B800C46E58 /* RuntimeDemo */,
				027D8C5C219420BA00C46E58 /* RuntimeDemoTests */,
				027D8C67219420BA00C46E58 /* RuntimeDemoUITests */,
				027D8C42219420B800C46E58 /* Products */,
			);
			sourceTree = "<group>";
		};
		027D8C42219420B800C46E58 /* Products */ = {
			isa = PBXGroup;
			children = (
				027D8C41219420B800C46E58 /* RuntimeDemo.app */,
				027D8C59219420BA00C46E58 /* RuntimeDemoTests.xctest */,
				027D8C64219420BA00C46E58 /* RuntimeDemoUITests.xctest */,
			);
			name = Products;
			sourceTree = "<group>";
		};
		027D8C43219420B800C46E58 /* RuntimeDemo */ = {
			isa = PBXGroup;
			children = (
				027D8C44219420B800C46E58 /* AppDelegate.h */,
				027D8C45219420B800C46E58 /* AppDelegate.m */,
				027D8C47219420B800C46E58 /* ViewController.h */,
				027D8C48219420B800C46E58 /* ViewController.m */,
				027D8C4A219420B800C46E58 /* Main.storyboard */,
				027D8C4D219420BA00C46E58 /* Assets.xcassets */,
				027D8C4F219420BA00C46E58 /* LaunchScreen.storyboard */,
				027D8C52219420BA00C46E58 /* Info.plist */,
				027D8C53219420BA00C46E58 /* main.m */,
			);
			path = RuntimeDemo;
			sourceTree = "<group>";
		};
		027D8C5C219420BA00C46E58 /* RuntimeDemoTests */ = {
			isa = PBXGroup;
			children = (
				027D8C5D219420BA00C46E58 /* RuntimeDemoTests.m */,
				027D8C5F219420BA00C46E58 /* Info.plist */,
			);
			path = RuntimeDemoTests;
			sourceTree = "<group>";
		};
		027D8C67219420BA00C46E58 /* RuntimeDemoUITests */ = {
			isa = PBXGroup;
			children = (
				027D8C68219420BA00C46E58 /* RuntimeDemoUITests.m */,
				027D8C6A219420BA00C46E58 /* Info.plist */,
			);
			path = RuntimeDemoUITests;
			sourceTree = "<group>";
		};
/* End PBXGroup section */

/* Begin PBXNativeTarget section */
		027D8C40219420B800C46E58 /* RuntimeDemo */ = {
			isa = PBXNativeTarget;
			buildConfigurationList = 027D8C6D219420BA00C46E58 /* Build configuration list for PBXNativeTarget "RuntimeDemo" */;
			buildPhases = (
				027D8C3D219420B800C46E58 /* Sources */,
				027D8C3E219420B800C46E58 /* Frameworks */,
				027D8C3F219420B800C46E58 /* Resources */,
			);
			buildRules = (
			);
			dependencies = (
			);
			name = RuntimeDemo;
			productName = RuntimeDemo;
			productReference = 027D8C41219420B800C46E58 /* RuntimeDemo.app */;
			productType = "com.apple.product-type.application";
		};
		027D8C58219420BA00C46E58 /* RuntimeDemoTests */ = {
			isa = PBXNativeTarget;
			buildConfigurationList = 027D8C70219420BA00C46E58 /* Build configuration list for PBXNativeTarget "RuntimeDemoTests" */;
			buildPhases = (
				027D8C55219420BA00C46E58 /* Sources */,
				027D8C56219420BA00C46E58 /* Frameworks */,
				027D8C57219420BA00C46E58 /* Resources */,
			);
			buildRules = (
			);
			dependencies = (
				027D8C5B219420BA00C46E58 /* PBXTargetDependency */,
			);
			name = RuntimeDemoTests;
			productName = RuntimeDemoTests;
			productReference = 027D8C59219420BA00C46E58 /* RuntimeDemoTests.xctest */;
			productType = "com.apple.product-type.bundle.unit-test";
		};
		027D8C63219420BA00C46E58 /* RuntimeDemoUITests */ = {
			isa = PBXNativeTarget;
			buildConfigurationList = 027D8C73219420BA00C46E58 /* Build configuration list for PBXNativeTarget "RuntimeDemoUITests" */;
			buildPhases = (
				027D8C60219420BA00C46E58 /* Sources */,
				027D8C61219420BA00C46E58 /* Frameworks */,
				027D8C62219420BA00C46E58 /* Resources */,
			);
			buildRules = (
			);
			dependencies = (
				027D8C66219420BA00C46E58 /* PBXTargetDependency */,
			);
			name = RuntimeDemoUITests;
			productName = RuntimeDemoUITests;
			productReference = 027D8C64219420BA00C46E58 /* RuntimeDemoUITests.xctest */;
			productType = "com.apple.product-type.bundle.ui-testing";
		};
/* End PBXNativeTarget section */

/* Begin PBXProject section */
		027D8C39219420B800C46E58 /* Project object */ = {
			isa = PBXProject;
			attributes = {
				LastUpgradeCheck = 1000;
				ORGANIZATIONNAME = Eion;
				TargetAttributes = {
					027D8C40219420B800C46E58 = {
						CreatedOnToolsVersion = 10.0;
					};
					027D8C58219420BA00C46E58 = {
						CreatedOnToolsVersion = 10.0;
						TestTargetID = 027D8C40219420B800C46E58;
					};
					027D8C63219420BA00C46E58 = {
						CreatedOnToolsVersion = 10.0;
						TestTargetID = 027D8C40219420B800C46E58;
					};
				};
			};
			buildConfigurationList = 027D8C3C219420B800C46E58 /* Build configuration list for PBXProject "RuntimeDemo" */;
			compatibilityVersion = "Xcode 9.3";
			developmentRegion = en;
			hasScannedForEncodings = 0;
			knownRegions = (
				en,
				Base,
			);
			mainGroup = 027D8C38219420B800C46E58;
			productRefGroup = 027D8C42219420B800C46E58 /* Products */;
			projectDirPath = "";
			projectRoot = "";
			targets = (
				027D8C40219420B800C46E58 /* RuntimeDemo */,
				027D8C58219420BA00C46E58 /* RuntimeDemoTests */,
				027D8C63219420BA00C46E58 /* RuntimeDemoUITests */,
			);
		};
/* End PBXProject section */

/* Begin PBXResourcesBuildPhase section */
		027D8C3F219420B800C46E58 /* Resources */ = {
			isa = PBXResourcesBuildPhase;
			buildActionMask = 2147483647;
			files = (
				027D8C51219420BA00C46E58 /* LaunchScreen.storyboard in Resources */,
				027D8C4E219420BA00C46E58 /* Assets.xcassets in Resources */,
				027D8C4C219420B800C46E58 /* Main.storyboard in Resources */,
			);
			runOnlyForDeploymentPostprocessing = 0;
		};
		027D8C57219420BA00C46E58 /* Resources */ = {
			isa = PBXResourcesBuildPhase;
			buildActionMask = 2147483647;
			files = (
			);
			runOnlyForDeploymentPostprocessing = 0;
		};
		027D8C62219420BA00C46E58 /* Resources */ = {
			isa = PBXResourcesBuildPhase;
			buildActionMask = 2147483647;
			files = (
			);
			runOnlyForDeploymentPostprocessing = 0;
		};
/* End PBXResourcesBuildPhase section */

/* Begin PBXSourcesBuildPhase section */
		027D8C3D219420B800C46E58 /* Sources */ = {
			isa = PBXSourcesBuildPhase;
			buildActionMask = 2147483647;
			files = (
				027D8C49219420B800C46E58 /* ViewController.m in Sources */,
				027D8C54219420BA00C46E58 /* main.m in Sources */,
				027D8C46219420B800C46E58 /* AppDelegate.m in Sources */,
			);
			runOnlyForDeploymentPostprocessing = 0;
		};
		027D8C55219420BA00C46E58 /* Sources */ = {
			isa = PBXSourcesBuildPhase;
			buildActionMask = 2147483647;
			files = (
				027D8C5E219420BA00C46E58 /* RuntimeDemoTests.m in Sources */,
			);
			runOnlyForDeploymentPostprocessing = 0;
		};
		027D8C60219420BA00C46E58 /* Sources */ = {
			isa = PBXSourcesBuildPhase;
			buildActionMask = 2147483647;
			files = (
				027D8C69219420BA00C46E58 /* RuntimeDemoUITests.m in Sources */,
			);
			runOnlyForDeploymentPostprocessing = 0;
		};
/* End PBXSourcesBuildPhase section */

/* Begin PBXTargetDependency section */
		027D8C5B219420BA00C46E58 /* PBXTargetDependency */ = {
			isa = PBXTargetDependency;
			target = 027D8C40219420B800C46E58 /* RuntimeDemo */;
			targetProxy = 027D8C5A219420BA00C46E58 /* PBXContainerItemProxy */;
		};
		027D8C66219420BA00C46E58 /* PBXTargetDependency */ = {
			isa = PBXTargetDependency;
			target = 027D8C40219420B800C46E58 /* RuntimeDemo */;
			targetProxy = 027D8C65219420BA00C46E58 /* PBXContainerItemProxy */;
		};
/* End PBXTargetDependency section */

/* Begin PBXVariantGroup section */
		027D8C4A219420B800C46E58 /* Main.storyboard */ = {
			isa = PBXVariantGroup;
			children = (
				027D8C4B219420B800C46E58 /* Base */,
			);
			name = Main.storyboard;
			sourceTree = "<group>";
		};
		027D8C4F219420BA00C46E58 /* LaunchScreen.storyboard */ = {
			isa = PBXVariantGroup;
			children = (
				027D8C50219420BA00C46E58 /* Base */,
			);
			name = LaunchScreen.storyboard;
			sourceTree = "<group>";
		};
/* End PBXVariantGroup section */

/* Begin XCBuildConfiguration section */
		027D8C6B219420BA00C46E58 /* Debug */ = {
			isa = XCBuildConfiguration;
			buildSettings = {
				ALWAYS_SEARCH_USER_PATHS = NO;
				CLANG_ANALYZER_NONNULL = YES;
				CLANG_ANALYZER_NUMBER_OBJECT_CONVERSION = YES_AGGRESSIVE;
				CLANG_CXX_LANGUAGE_STANDARD = "gnu++14";
				CLANG_CXX_LIBRARY = "libc++";
				CLANG_ENABLE_MODULES = YES;
				CLANG_ENABLE_OBJC_ARC = YES;
				CLANG_ENABLE_OBJC_WEAK = YES;
				CLANG_WARN_BLOCK_CAPTURE_AUTORELEASING = YES;
				CLANG_WARN_BOOL_CONVERSION = YES;
				CLANG_WARN_COMMA = YES;
				CLANG_WARN_CONSTANT_CONVERSION = YES;
				CLANG_WARN_DEPRECATED_OBJC_IMPLEMENTATIONS = YES;
				CLANG_WARN_DIRECT_OBJC_ISA_USAGE = YES_ERROR;
				CLANG_WARN_DOCUMENTATION_COMMENTS = YES;
				CLANG_WARN_EMPTY_BODY = YES;
				CLANG_WARN_ENUM_CONVERSION = YES;
				CLANG_WARN_INFINITE_RECURSION = YES;
				CLANG_WARN_INT_CONVERSION = YES;
				CLANG_WARN_NON_LITERAL_NULL_CONVERSION = YES;
				CLANG_WARN_OBJC_IMPLICIT_RETAIN_SELF = YES;
				CLANG_WARN_OBJC_LITERAL_CONVERSION = YES;
				CLANG_WARN_OBJC_ROOT_CLASS = YES_ERROR;
				CLANG_WARN_RANGE_LOOP_ANALYSIS = YES;
				CLANG_WARN_STRICT_PROTOTYPES = YES;
				CLANG_WARN_SUSPICIOUS_MOVE = YES;
				CLANG_WARN_UNGUARDED_AVAILABILITY = YES_AGGRESSIVE;
				CLANG_WARN_UNREACHABLE_CODE = YES;
				CLANG_WARN__DUPLICATE_METHOD_MATCH = YES;
				CODE_SIGN_IDENTITY = "iPhone Developer";
				COPY_PHASE_STRIP = NO;
				DEBUG_INFORMATION_FORMAT = dwarf;
				ENABLE_STRICT_OBJC_MSGSEND = YES;
				ENABLE_TESTABILITY = YES;
				GCC_C_LANGUAGE_STANDARD = gnu11;
				GCC_DYNAMIC_NO_PIC = NO;
				GCC_NO_COMMON_BLOCKS = YES;
				GCC_OPTIMIZATION_LEVEL = 0;
				GCC_PREPROCESSOR_DEFINITIONS = (
					"DEBUG=1",
					"$(inherited)",
				);
				GCC_WARN_64_TO_32_BIT_CONVERSION = YES;
				GCC_WARN_ABOUT_RETURN_TYPE = YES_ERROR;
				GCC_WARN_UNDECLARED_SELECTOR = YES;
				GCC_WARN_UNINITIALIZED_AUTOS = YES_AGGRESSIVE;
				GCC_WARN_UNUSED_FUNCTION = YES;
				GCC_WARN_UNUSED_VARIABLE = YES;
				IPHONEOS_DEPLOYMENT_TARGET = 12.0;
				MTL_ENABLE_DEBUG_INFO = INCLUDE_SOURCE;
				MTL_FAST_MATH = YES;
				ONLY_ACTIVE_ARCH = YES;
				SDKROOT = iphoneos;
			};
			name = Debug;
		};
		027D8C6C219420BA00C46E58 /* Release */ = {
			isa = XCBuildConfiguration;
			buildSettings = {
				ALWAYS_SEARCH_USER_PATHS = NO;
				CLANG_ANALYZER_NONNULL = YES;
				CLANG_ANALYZER_NUMBER_OBJECT_CONVERSION = YES_AGGRESSIVE;
				CLANG_CXX_LANGUAGE_STANDARD = "gnu++14";
				CLANG_CXX_LIBRARY = "libc++";
				CLANG_ENABLE_MODULES = YES;
				CLANG_ENABLE_OBJC_ARC = YES;
				CLANG_ENABLE_OBJC_WEAK = YES;
				CLANG_WARN_BLOCK_CAPTURE_AUTORELEASING = YES;
				CLANG_WARN_BOOL_CONVERSION = YES;
				CLANG_WARN_COMMA = YES;
				CLANG_WARN_CONSTANT_CONVERSION = YES;
				CLANG_WARN_DEPRECATED_OBJC_IMPLEMENTATIONS = YES;
				CLANG_WARN_DIRECT_OBJC_ISA_USAGE = YES_ERROR;
				CLANG_WARN_DOCUMENTATION_COMMENTS = YES;
				CLANG_WARN_EMPTY_BODY = YES;
				CLANG_WARN_ENUM_CONVERSION = YES;
				CLANG_WARN_INFINITE_RECURSION = YES;
				CLANG_WARN_INT_CONVERSION = YES;
				CLANG_WARN_NON_LITERAL_NULL_CONVERSION = YES;
				CLANG_WARN_OBJC_IMPLICIT_RETAIN_SELF = YES;
				CLANG_WARN_OBJC_LITERAL_CONVERSION = YES;
				CLANG_WARN_OBJC_ROOT_CLASS = YES_ERROR;
				CLANG_WARN_RANGE_LOOP_ANALYSIS = YES;
				CLANG_WARN_STRICT_PROTOTYPES = YES;
				CLANG_WARN_SUSPICIOUS_MOVE = YES;
				CLANG_WARN_UNGUARDED_AVAILABILITY = YES_AGGRESSIVE;
				CLANG_WARN_UNREACHABLE_CODE = YES;
				CLANG_WARN__DUPLICATE_METHOD_MATCH = YES;
				CODE_SIGN_IDENTITY = "iPhone Developer";
				COPY_PHASE_STRIP = NO;
				DEBUG_INFORMATION_FORMAT = "dwarf-with-dsym";
				ENABLE_NS_ASSERTIONS = NO;
				ENABLE_STRICT_OBJC_MSGSEND = YES;
				GCC_C_LANGUAGE_STANDARD = gnu11;
				GCC_NO_COMMON_BLOCKS = YES;
				GCC_WARN_64_TO_32_BIT_CONVERSION = YES;
				GCC_WARN_ABOUT_RETURN_TYPE = YES_ERROR;
				GCC_WARN_UNDECLARED_SELECTOR = YES;
				GCC_WARN_UNINITIALIZED_AUTOS = YES_AGGRESSIVE;
				GCC_WARN_UNUSED_FUNCTION = YES;
				GCC_WARN_UNUSED_VARIABLE = YES;
				IPHONEOS_DEPLOYMENT_TARGET = 12.0;
				MTL_ENABLE_DEBUG_INFO = NO;
				MTL_FAST_MATH = YES;
				SDKROOT = iphoneos;
				VALIDATE_PRODUCT = YES;
			};
			name = Release;
		};
		027D8C6E219420BA00C46E58 /* Debug */ = {
			isa = XCBuildConfiguration;
			buildSettings = {
				ASSETCATALOG_COMPILER_APPICON_NAME = AppIcon;
				CODE_SIGN_STYLE = Automatic;
				DEVELOPMENT_TEAM = 7MA989D8TT;
				INFOPLIST_FILE = RuntimeDemo/Info.plist;
				LD_RUNPATH_SEARCH_PATHS = (
					"$(inherited)",
					"@executable_path/Frameworks",
				);
				PRODUCT_BUNDLE_IDENTIFIER = com.Eion.RuntimeDemo;
				PRODUCT_NAME = "$(TARGET_NAME)";
				TARGETED_DEVICE_FAMILY = "1,2";
			};
			name = Debug;
		};
		027D8C6F219420BA00C46E58 /* Release */ = {
			isa = XCBuildConfiguration;
			buildSettings = {
				ASSETCATALOG_COMPILER_APPICON_NAME = AppIcon;
				CODE_SIGN_STYLE = Automatic;
				DEVELOPMENT_TEAM = 7MA989D8TT;
				INFOPLIST_FILE = RuntimeDemo/Info.plist;
				LD_RUNPATH_SEARCH_PATHS = (
					"$(inherited)",
					"@executable_path/Frameworks",
				);
				PRODUCT_BUNDLE_IDENTIFIER = com.Eion.RuntimeDemo;
				PRODUCT_NAME = "$(TARGET_NAME)";
				TARGETED_DEVICE_FAMILY = "1,2";
			};
			name = Release;
		};
		027D8C71219420BA00C46E58 /* Debug */ = {
			isa = XCBuildConfiguration;
			buildSettings = {
				BUNDLE_LOADER = "$(TEST_HOST)";
				CODE_SIGN_STYLE = Automatic;
				DEVELOPMENT_TEAM = 7MA989D8TT;
				INFOPLIST_FILE = RuntimeDemoTests/Info.plist;
				LD_RUNPATH_SEARCH_PATHS = (
					"$(inherited)",
					"@executable_path/Frameworks",
					"@loader_path/Frameworks",
				);
				PRODUCT_BUNDLE_IDENTIFIER = com.Eion.RuntimeDemoTests;
				PRODUCT_NAME = "$(TARGET_NAME)";
				TARGETED_DEVICE_FAMILY = "1,2";
				TEST_HOST = "$(BUILT_PRODUCTS_DIR)/RuntimeDemo.app/RuntimeDemo";
			};
			name = Debug;
		};
		027D8C72219420BA00C46E58 /* Release */ = {
			isa = XCBuildConfiguration;
			buildSettings = {
				BUNDLE_LOADER = "$(TEST_HOST)";
				CODE_SIGN_STYLE = Automatic;
				DEVELOPMENT_TEAM = 7MA989D8TT;
				INFOPLIST_FILE = RuntimeDemoTests/Info.plist;
				LD_RUNPATH_SEARCH_PATHS = (
					"$(inherited)",
					"@executable_path/Frameworks",
					"@loader_path/Frameworks",
				);
				PRODUCT_BUNDLE_IDENTIFIER = com.Eion.RuntimeDemoTests;
				PRODUCT_NAME = "$(TARGET_NAME)";
				TARGETED_DEVICE_FAMILY = "1,2";
				TEST_HOST = "$(BUILT_PRODUCTS_DIR)/RuntimeDemo.app/RuntimeDemo";
			};
			name = Release;
		};
		027D8C74219420BA00C46E58 /* Debug */ = {
			isa = XCBuildConfiguration;
			buildSettings = {
				CODE_SIGN_STYLE = Automatic;
				DEVELOPMENT_TEAM = 7MA989D8TT;
				INFOPLIST_FILE = RuntimeDemoUITests/Info.plist;
				LD_RUNPATH_SEARCH_PATHS = (
					"$(inherited)",
					"@executable_path/Frameworks",
					"@loader_path/Frameworks",
				);
				PRODUCT_BUNDLE_IDENTIFIER = com.Eion.RuntimeDemoUITests;
				PRODUCT_NAME = "$(TARGET_NAME)";
				TARGETED_DEVICE_FAMILY = "1,2";
				TEST_TARGET_NAME = RuntimeDemo;
			};
			name = Debug;
		};
		027D8C75219420BA00C46E58 /* Release */ = {
			isa = XCBuildConfiguration;
			buildSettings = {
				CODE_SIGN_STYLE = Automatic;
				DEVELOPMENT_TEAM = 7MA989D8TT;
				INFOPLIST_FILE = RuntimeDemoUITests/Info.plist;
				LD_RUNPATH_SEARCH_PATHS = (
					"$(inherited)",
					"@executable_path/Frameworks",
					"@loader_path/Frameworks",
				);
				PRODUCT_BUNDLE_IDENTIFIER = com.Eion.RuntimeDemoUITests;
				PRODUCT_NAME = "$(TARGET_NAME)";
				TARGETED_DEVICE_FAMILY = "1,2";
				TEST_TARGET_NAME = RuntimeDemo;
			};
			name = Release;
		};
/* End XCBuildConfiguration section */

/* Begin XCConfigurationList section */
		027D8C3C219420B800C46E58 /* Build configuration list for PBXProject "RuntimeDemo" */ = {
			isa = XCConfigurationList;
			buildConfigurations = (
				027D8C6B219420BA00C46E58 /* Debug */,
				027D8C6C219420BA00C46E58 /* Release */,
			);
			defaultConfigurationIsVisible = 0;
			defaultConfigurationName = Release;
		};
		027D8C6D219420BA00C46E58 /* Build configuration list for PBXNativeTarget "RuntimeDemo" */ = {
			isa = XCConfigurationList;
			buildConfigurations = (
				027D8C6E219420BA00C46E58 /* Debug */,
				027D8C6F219420BA00C46E58 /* Release */,
			);
			defaultConfigurationIsVisible = 0;
			defaultConfigurationName = Release;
		};
		027D8C70219420BA00C46E58 /* Build configuration list for PBXNativeTarget "RuntimeDemoTests" */ = {
			isa = XCConfigurationList;
			buildConfigurations = (
				027D8C71219420BA00C46E58 /* Debug */,
				027D8C72219420BA00C46E58 /* Release */,
			);
			defaultConfigurationIsVisible = 0;
			defaultConfigurationName = Release;
		};
		027D8C73219420BA00C46E58 /* Build configuration list for PBXNativeTarget "RuntimeDemoUITests" */ = {
			isa = XCConfigurationList;
			buildConfigurations = (
				027D8C74219420BA00C46E58 /* Debug */,
				027D8C75219420BA00C46E58 /* Release */,
			);
			defaultConfigurationIsVisible = 0;
			defaultConfigurationName = Release;
		};
/* End XCConfigurationList section */
	};
	rootObject = 027D8C39219420B800C46E58 /* Project object */;
}
